
Microsoft Visual Studio Solution File, Format Version 12.00
# Visual Studio Version 17
VisualStudioVersion = 17.9.34622.214
MinimumVisualStudioVersion = 10.0.40219.1
Project("{FAE04EC0-301F-11D3-BF4B-00C04F79EFBC}") = "LZW", "LZW.csproj", "{5FFA4EBF-534F-4ABB-94B1-BF96E98D03A6}"
EndProject
Project("{FAE04EC0-301F-11D3-BF4B-00C04F79EFBC}") = "TestLZW", "..\TestLZW\TestLZW.csproj", "{403581FD-6130-412B-A373-E5A80BA871B9}"
EndProject
Global
	GlobalSection(SolutionConfigurationPlatforms) = preSolution
		Debug|Any CPU = Debug|Any CPU
		Release|Any CPU = Release|Any CPU
	EndGlobalSection
	GlobalSection(ProjectConfigurationPlatforms) = postSolution
		{5FFA4EBF-534F-4ABB-94B1-BF96E98D03A6}.Debug|Any CPU.ActiveCfg = Debug|Any CPU
		{5FFA4EBF-534F-4ABB-94B1-BF96E98D03A6}.Debug|Any CPU.Build.0 = Debug|Any CPU
		{5FFA4EBF-534F-4ABB-94B1-BF96E98D03A6}.Release|Any CPU.ActiveCfg = Release|Any CPU
		{5FFA4EBF-534F-4ABB-94B1-BF96E98D03A6}.Release|Any CPU.Build.0 = Release|Any CPU
		{403581FD-6130-412B-A373-E5A80BA871B9}.Debug|Any CPU.ActiveCfg = Debug|Any CPU
		{403581FD-6130-412B-A373-E5A80BA871B9}.Debug|Any CPU.Build.0 = Debug|Any CPU
		{403581FD-6130-412B-A373-E5A80BA871B9}.Release|Any CPU.ActiveCfg = Release|Any CPU
		{403581FD-6130-412B-A373-E5A80BA871B9}.Release|Any CPU.Build.0 = Release|Any CPU
	EndGlobalSection
	GlobalSection(SolutionProperties) = preSolution
		HideSolutionNode = FALSE
	EndGlobalSection
	GlobalSection(ExtensibilityGlobals) = postSolution
		SolutionGuid = {3075CECA-47C8-47D1-B31D-76A5D98BFA72}
	EndGlobalSection
EndGlobal
