
Microsoft Visual Studio Solution File, Format Version 12.00
# Visual Studio Version 17
VisualStudioVersion = 17.9.34622.214
MinimumVisualStudioVersion = 10.0.40219.1
Project("{FAE04EC0-301F-11D3-BF4B-00C04F79EFBC}") = "StackCalculator", "StackCalculator.csproj", "{556B75CE-D89F-4C3A-8132-052B615D9CBB}"
EndProject
Project("{FAE04EC0-301F-11D3-BF4B-00C04F79EFBC}") = "TestStackCalculator", "..\TestStackCalculator\TestStackCalculator.csproj", "{30C58B74-0B55-40CF-8692-9420913A77FF}"
EndProject
Global
	GlobalSection(SolutionConfigurationPlatforms) = preSolution
		Debug|Any CPU = Debug|Any CPU
		Release|Any CPU = Release|Any CPU
	EndGlobalSection
	GlobalSection(ProjectConfigurationPlatforms) = postSolution
		{556B75CE-D89F-4C3A-8132-052B615D9CBB}.Debug|Any CPU.ActiveCfg = Debug|Any CPU
		{556B75CE-D89F-4C3A-8132-052B615D9CBB}.Debug|Any CPU.Build.0 = Debug|Any CPU
		{556B75CE-D89F-4C3A-8132-052B615D9CBB}.Release|Any CPU.ActiveCfg = Release|Any CPU
		{556B75CE-D89F-4C3A-8132-052B615D9CBB}.Release|Any CPU.Build.0 = Release|Any CPU
		{30C58B74-0B55-40CF-8692-9420913A77FF}.Debug|Any CPU.ActiveCfg = Debug|Any CPU
		{30C58B74-0B55-40CF-8692-9420913A77FF}.Debug|Any CPU.Build.0 = Debug|Any CPU
		{30C58B74-0B55-40CF-8692-9420913A77FF}.Release|Any CPU.ActiveCfg = Release|Any CPU
		{30C58B74-0B55-40CF-8692-9420913A77FF}.Release|Any CPU.Build.0 = Release|Any CPU
	EndGlobalSection
	GlobalSection(SolutionProperties) = preSolution
		HideSolutionNode = FALSE
	EndGlobalSection
	GlobalSection(ExtensibilityGlobals) = postSolution
		SolutionGuid = {9C5D891E-3560-4EF5-89FC-E4077C26EA55}
	EndGlobalSection
EndGlobal
